
Microsoft Visual Studio Solution File, Format Version 12.00
# Visual Studio Version 16
VisualStudioVersion = 16.0.30114.105
MinimumVisualStudioVersion = 10.0.40219.1
Project("{159641D6-6404-4A2A-AE62-294DE0FE8301}") = "Integration Project", "Integration Project\Integration Project.dtproj", "{FF1BB581-7F5C-462B-B8F3-41E6BE77CB7E}"
EndProject
Global
	GlobalSection(SolutionConfigurationPlatforms) = preSolution
		Development|Default = Development|Default
	EndGlobalSection
	GlobalSection(ProjectConfigurationPlatforms) = postSolution
		{FF1BB581-7F5C-462B-B8F3-41E6BE77CB7E}.Development|Default.ActiveCfg = Development
		{FF1BB581-7F5C-462B-B8F3-41E6BE77CB7E}.Development|Default.Build.0 = Development
	EndGlobalSection
	GlobalSection(SolutionProperties) = preSolution
		HideSolutionNode = FALSE
	EndGlobalSection
	GlobalSection(ExtensibilityGlobals) = postSolution
		SolutionGuid = {90B589B4-97AB-4834-8388-4F7193EA7FE7}
	EndGlobalSection
EndGlobal
